
Microsoft Visual Studio Solution File, Format Version 12.00
# Visual Studio 15
VisualStudioVersion = 15.0.27428.2037
MinimumVisualStudioVersion = 10.0.40219.1
Project("{888888A0-9F3D-457C-B088-3A5042F75D52}") = "DBTools", "DBTools\DBTools.pyproj", "{8F12B40E-1EBE-44B1-BC53-A0F85C4123BA}"
EndProject
Global
	GlobalSection(SolutionConfigurationPlatforms) = preSolution
		Debug|Any CPU = Debug|Any CPU
		Release|Any CPU = Release|Any CPU
	EndGlobalSection
	GlobalSection(ProjectConfigurationPlatforms) = postSolution
		{8F12B40E-1EBE-44B1-BC53-A0F85C4123BA}.Debug|Any CPU.ActiveCfg = Debug|Any CPU
		{8F12B40E-1EBE-44B1-BC53-A0F85C4123BA}.Release|Any CPU.ActiveCfg = Release|Any CPU
	EndGlobalSection
	GlobalSection(SolutionProperties) = preSolution
		HideSolutionNode = FALSE
	EndGlobalSection
	GlobalSection(ExtensibilityGlobals) = postSolution
		SolutionGuid = {E5E52593-3091-4CE7-AA6D-AD8DF5D3F91F}
	EndGlobalSection
EndGlobal
